
Microsoft Visual Studio Solution File, Format Version 12.00
# Visual Studio Version 17
VisualStudioVersion = 17.5.002.0
MinimumVisualStudioVersion = 10.0.40219.1
Project("{9A19103F-16F7-4668-BE54-9A1E7A4F7556}") = "Api", "Api\Api.csproj", "{0D386177-6B44-40E1-96A1-34EBA8C830E2}"
EndProject
Project("{9A19103F-16F7-4668-BE54-9A1E7A4F7556}") = "Application", "Application\Application.csproj", "{A9E726DC-5FE1-41A9-8EB4-A935FF9D1871}"
EndProject
Project("{9A19103F-16F7-4668-BE54-9A1E7A4F7556}") = "Infrastructure", "Infrastructure\Infrastructure.csproj", "{C26549B7-88B3-4CD6-B10E-5449973CB191}"
EndProject
Project("{9A19103F-16F7-4668-BE54-9A1E7A4F7556}") = "Domain", "Domain\Domain.csproj", "{B2EB04FA-14E8-4011-ACCA-6E33454DC7E0}"
EndProject
Global
	GlobalSection(SolutionConfigurationPlatforms) = preSolution
		Debug|Any CPU = Debug|Any CPU
		Release|Any CPU = Release|Any CPU
	EndGlobalSection
	GlobalSection(ProjectConfigurationPlatforms) = postSolution
		{0D386177-6B44-40E1-96A1-34EBA8C830E2}.Debug|Any CPU.ActiveCfg = Debug|Any CPU
		{0D386177-6B44-40E1-96A1-34EBA8C830E2}.Debug|Any CPU.Build.0 = Debug|Any CPU
		{0D386177-6B44-40E1-96A1-34EBA8C830E2}.Release|Any CPU.ActiveCfg = Release|Any CPU
		{0D386177-6B44-40E1-96A1-34EBA8C830E2}.Release|Any CPU.Build.0 = Release|Any CPU
		{A9E726DC-5FE1-41A9-8EB4-A935FF9D1871}.Debug|Any CPU.ActiveCfg = Debug|Any CPU
		{A9E726DC-5FE1-41A9-8EB4-A935FF9D1871}.Debug|Any CPU.Build.0 = Debug|Any CPU
		{A9E726DC-5FE1-41A9-8EB4-A935FF9D1871}.Release|Any CPU.ActiveCfg = Release|Any CPU
		{A9E726DC-5FE1-41A9-8EB4-A935FF9D1871}.Release|Any CPU.Build.0 = Release|Any CPU
		{C26549B7-88B3-4CD6-B10E-5449973CB191}.Debug|Any CPU.ActiveCfg = Debug|Any CPU
		{C26549B7-88B3-4CD6-B10E-5449973CB191}.Debug|Any CPU.Build.0 = Debug|Any CPU
		{C26549B7-88B3-4CD6-B10E-5449973CB191}.Release|Any CPU.ActiveCfg = Release|Any CPU
		{C26549B7-88B3-4CD6-B10E-5449973CB191}.Release|Any CPU.Build.0 = Release|Any CPU
		{B2EB04FA-14E8-4011-ACCA-6E33454DC7E0}.Debug|Any CPU.ActiveCfg = Debug|Any CPU
		{B2EB04FA-14E8-4011-ACCA-6E33454DC7E0}.Debug|Any CPU.Build.0 = Debug|Any CPU
		{B2EB04FA-14E8-4011-ACCA-6E33454DC7E0}.Release|Any CPU.ActiveCfg = Release|Any CPU
		{B2EB04FA-14E8-4011-ACCA-6E33454DC7E0}.Release|Any CPU.Build.0 = Release|Any CPU
	EndGlobalSection
	GlobalSection(SolutionProperties) = preSolution
		HideSolutionNode = FALSE
	EndGlobalSection
	GlobalSection(ExtensibilityGlobals) = postSolution
		SolutionGuid = {D54A8CD4-3DD4-496F-BCD0-E74A022E21D0}
	EndGlobalSection
EndGlobal
