
Microsoft Visual Studio Solution File, Format Version 12.00
# Visual Studio Version 17
VisualStudioVersion = 17.5.002.0
MinimumVisualStudioVersion = 10.0.40219.1
Project("{9A19103F-16F7-4668-BE54-9A1E7A4F7556}") = "Api", "Api\Api.csproj", "{6B564443-5F87-4C31-A135-37508CD44E7D}"
EndProject
Project("{9A19103F-16F7-4668-BE54-9A1E7A4F7556}") = "Application", "Application\Application.csproj", "{AA9384B2-308F-454D-971A-FB766D966DAD}"
EndProject
Project("{9A19103F-16F7-4668-BE54-9A1E7A4F7556}") = "Infrastructure", "Infrastructure\Infrastructure.csproj", "{9E7703BA-21FA-4049-8A47-E72EBAAF3BCD}"
EndProject
Project("{9A19103F-16F7-4668-BE54-9A1E7A4F7556}") = "Domain", "Domain\Domain.csproj", "{3D33E674-EFEF-4539-BF68-E746E6ADE4B1}"
EndProject
Global
	GlobalSection(SolutionConfigurationPlatforms) = preSolution
		Debug|Any CPU = Debug|Any CPU
		Release|Any CPU = Release|Any CPU
	EndGlobalSection
	GlobalSection(ProjectConfigurationPlatforms) = postSolution
		{6B564443-5F87-4C31-A135-37508CD44E7D}.Debug|Any CPU.ActiveCfg = Debug|Any CPU
		{6B564443-5F87-4C31-A135-37508CD44E7D}.Debug|Any CPU.Build.0 = Debug|Any CPU
		{6B564443-5F87-4C31-A135-37508CD44E7D}.Release|Any CPU.ActiveCfg = Release|Any CPU
		{6B564443-5F87-4C31-A135-37508CD44E7D}.Release|Any CPU.Build.0 = Release|Any CPU
		{AA9384B2-308F-454D-971A-FB766D966DAD}.Debug|Any CPU.ActiveCfg = Debug|Any CPU
		{AA9384B2-308F-454D-971A-FB766D966DAD}.Debug|Any CPU.Build.0 = Debug|Any CPU
		{AA9384B2-308F-454D-971A-FB766D966DAD}.Release|Any CPU.ActiveCfg = Release|Any CPU
		{AA9384B2-308F-454D-971A-FB766D966DAD}.Release|Any CPU.Build.0 = Release|Any CPU
		{9E7703BA-21FA-4049-8A47-E72EBAAF3BCD}.Debug|Any CPU.ActiveCfg = Debug|Any CPU
		{9E7703BA-21FA-4049-8A47-E72EBAAF3BCD}.Debug|Any CPU.Build.0 = Debug|Any CPU
		{9E7703BA-21FA-4049-8A47-E72EBAAF3BCD}.Release|Any CPU.ActiveCfg = Release|Any CPU
		{9E7703BA-21FA-4049-8A47-E72EBAAF3BCD}.Release|Any CPU.Build.0 = Release|Any CPU
		{3D33E674-EFEF-4539-BF68-E746E6ADE4B1}.Debug|Any CPU.ActiveCfg = Debug|Any CPU
		{3D33E674-EFEF-4539-BF68-E746E6ADE4B1}.Debug|Any CPU.Build.0 = Debug|Any CPU
		{3D33E674-EFEF-4539-BF68-E746E6ADE4B1}.Release|Any CPU.ActiveCfg = Release|Any CPU
		{3D33E674-EFEF-4539-BF68-E746E6ADE4B1}.Release|Any CPU.Build.0 = Release|Any CPU
	EndGlobalSection
	GlobalSection(SolutionProperties) = preSolution
		HideSolutionNode = FALSE
	EndGlobalSection
	GlobalSection(ExtensibilityGlobals) = postSolution
		SolutionGuid = {3C26B819-C62D-4FC6-9349-735F09A3D99C}
	EndGlobalSection
EndGlobal
